{
  "name": "SQL-go",
  "lockfileVersion": 2,
  "requires": true,
  "packages": {
    "": {
      "dependencies": {
        "react-hook-form": "^7.41.1"
      }
    },
    "node_modules/react-hook-form": {
      "version": "7.41.1",
      "resolved": "https://registry.npmjs.org/react-hook-form/-/react-hook-form-7.41.1.tgz",
      "integrity": "sha512-IHUozfwuqE+P201KIJwotMd+UCKqzIprseR8UUjz1jRupkZeubg0xyeMLIaT192zHv7vBBu9bibpNV5cIB4E9g==",
      "engines": {
        "node": ">=12.22.0"
      },
      "funding": {
        "type": "opencollective",
        "url": "https://opencollective.com/react-hook-form"
      },
      "peerDependencies": {
        "react": "^16.8.0 || ^17 || ^18"
      }
    }
  },
  "dependencies": {
    "react-hook-form": {
      "version": "7.41.1",
      "resolved": "https://registry.npmjs.org/react-hook-form/-/react-hook-form-7.41.1.tgz",
      "integrity": "sha512-IHUozfwuqE+P201KIJwotMd+UCKqzIprseR8UUjz1jRupkZeubg0xyeMLIaT192zHv7vBBu9bibpNV5cIB4E9g=="
    }
  }
}
